
Microsoft Visual Studio Solution File, Format Version 12.00
# Visual Studio 15
VisualStudioVersion = 15.0.27703.2026
MinimumVisualStudioVersion = 10.0.40219.1
Project("{A07B5EB6-E848-4116-A8D0-A826331D98C6}") = "SfTest", "SfTest\SfTest.sfproj", "{943EBE0A-34D9-4CB7-9DCA-925F0B40B6EF}"
EndProject
Project("{9A19103F-16F7-4668-BE54-9A1E7A4F7556}") = "Taxys.Gate", "Taxys.Gate\Taxys.Gate.csproj", "{7F0884F6-1568-4D29-8BD0-6C38DF4312A1}"
EndProject
Project("{9A19103F-16F7-4668-BE54-9A1E7A4F7556}") = "Taxys.Auth", "Taxys.Auth\Taxys.Auth.csproj", "{3586C9E5-8269-4F1C-8690-60EEB05C0D3C}"
EndProject
Project("{FAE04EC0-301F-11D3-BF4B-00C04F79EFBC}") = "Taxys.Dispatcher", "Taxys.Dispatcher\Taxys.Dispatcher.csproj", "{B799B1F3-F37B-4361-AA76-459AA703DF18}"
EndProject
Global
	GlobalSection(SolutionConfigurationPlatforms) = preSolution
		Debug|Any CPU = Debug|Any CPU
		Debug|x64 = Debug|x64
		Release|Any CPU = Release|Any CPU
		Release|x64 = Release|x64
	EndGlobalSection
	GlobalSection(ProjectConfigurationPlatforms) = postSolution
		{943EBE0A-34D9-4CB7-9DCA-925F0B40B6EF}.Debug|Any CPU.ActiveCfg = Debug|x64
		{943EBE0A-34D9-4CB7-9DCA-925F0B40B6EF}.Debug|x64.ActiveCfg = Debug|x64
		{943EBE0A-34D9-4CB7-9DCA-925F0B40B6EF}.Debug|x64.Build.0 = Debug|x64
		{943EBE0A-34D9-4CB7-9DCA-925F0B40B6EF}.Debug|x64.Deploy.0 = Debug|x64
		{943EBE0A-34D9-4CB7-9DCA-925F0B40B6EF}.Release|Any CPU.ActiveCfg = Release|x64
		{943EBE0A-34D9-4CB7-9DCA-925F0B40B6EF}.Release|x64.ActiveCfg = Release|x64
		{943EBE0A-34D9-4CB7-9DCA-925F0B40B6EF}.Release|x64.Build.0 = Release|x64
		{943EBE0A-34D9-4CB7-9DCA-925F0B40B6EF}.Release|x64.Deploy.0 = Release|x64
		{7F0884F6-1568-4D29-8BD0-6C38DF4312A1}.Debug|Any CPU.ActiveCfg = Debug|Any CPU
		{7F0884F6-1568-4D29-8BD0-6C38DF4312A1}.Debug|Any CPU.Build.0 = Debug|Any CPU
		{7F0884F6-1568-4D29-8BD0-6C38DF4312A1}.Debug|x64.ActiveCfg = Debug|Any CPU
		{7F0884F6-1568-4D29-8BD0-6C38DF4312A1}.Debug|x64.Build.0 = Debug|Any CPU
		{7F0884F6-1568-4D29-8BD0-6C38DF4312A1}.Release|Any CPU.ActiveCfg = Release|Any CPU
		{7F0884F6-1568-4D29-8BD0-6C38DF4312A1}.Release|Any CPU.Build.0 = Release|Any CPU
		{7F0884F6-1568-4D29-8BD0-6C38DF4312A1}.Release|x64.ActiveCfg = Release|Any CPU
		{7F0884F6-1568-4D29-8BD0-6C38DF4312A1}.Release|x64.Build.0 = Release|Any CPU
		{3586C9E5-8269-4F1C-8690-60EEB05C0D3C}.Debug|Any CPU.ActiveCfg = Debug|Any CPU
		{3586C9E5-8269-4F1C-8690-60EEB05C0D3C}.Debug|Any CPU.Build.0 = Debug|Any CPU
		{3586C9E5-8269-4F1C-8690-60EEB05C0D3C}.Debug|x64.ActiveCfg = Debug|Any CPU
		{3586C9E5-8269-4F1C-8690-60EEB05C0D3C}.Debug|x64.Build.0 = Debug|Any CPU
		{3586C9E5-8269-4F1C-8690-60EEB05C0D3C}.Release|Any CPU.ActiveCfg = Release|Any CPU
		{3586C9E5-8269-4F1C-8690-60EEB05C0D3C}.Release|Any CPU.Build.0 = Release|Any CPU
		{3586C9E5-8269-4F1C-8690-60EEB05C0D3C}.Release|x64.ActiveCfg = Release|Any CPU
		{3586C9E5-8269-4F1C-8690-60EEB05C0D3C}.Release|x64.Build.0 = Release|Any CPU
		{B799B1F3-F37B-4361-AA76-459AA703DF18}.Debug|Any CPU.ActiveCfg = Debug|Any CPU
		{B799B1F3-F37B-4361-AA76-459AA703DF18}.Debug|Any CPU.Build.0 = Debug|Any CPU
		{B799B1F3-F37B-4361-AA76-459AA703DF18}.Debug|x64.ActiveCfg = Debug|Any CPU
		{B799B1F3-F37B-4361-AA76-459AA703DF18}.Debug|x64.Build.0 = Debug|Any CPU
		{B799B1F3-F37B-4361-AA76-459AA703DF18}.Release|Any CPU.ActiveCfg = Release|Any CPU
		{B799B1F3-F37B-4361-AA76-459AA703DF18}.Release|Any CPU.Build.0 = Release|Any CPU
		{B799B1F3-F37B-4361-AA76-459AA703DF18}.Release|x64.ActiveCfg = Release|Any CPU
		{B799B1F3-F37B-4361-AA76-459AA703DF18}.Release|x64.Build.0 = Release|Any CPU
	EndGlobalSection
	GlobalSection(SolutionProperties) = preSolution
		HideSolutionNode = FALSE
	EndGlobalSection
	GlobalSection(ExtensibilityGlobals) = postSolution
		SolutionGuid = {74EF071C-4578-4960-B8C9-86FA6EC9184F}
	EndGlobalSection
EndGlobal
